
Microsoft Visual Studio Solution File, Format Version 12.00
# Visual Studio Version 17
VisualStudioVersion = 17.7.34003.232
MinimumVisualStudioVersion = 10.0.40219.1
Project("{8BC9CEB8-8B4A-11D0-8D11-00A0C91BC942}") = "Involution", "Involution\Involution.vcxproj", "{188BC3F4-2174-4AED-868B-8904747C9ED4}"
EndProject
Project("{8BC9CEB8-8B4A-11D0-8D11-00A0C91BC942}") = "Password_Generator", "Password_Generator\Password_Generator.vcxproj", "{4704BA3A-6A7A-4EE1-A0A0-5A1DD256EEA0}"
EndProject
Project("{8BC9CEB8-8B4A-11D0-8D11-00A0C91BC942}") = "Matrix_Sum", "Matrix_Sum\Matrix_Sum.vcxproj", "{63A440C9-753C-4088-98F3-2AA4EC4EA913}"
EndProject
Project("{8BC9CEB8-8B4A-11D0-8D11-00A0C91BC942}") = "View", "View\View.vcxproj", "{0B02EC8C-D603-4204-A140-8016FF4EEAEB}"
EndProject
Project("{8BC9CEB8-8B4A-11D0-8D11-00A0C91BC942}") = "Flatten", "Flatten\Flatten.vcxproj", "{177D49CA-A093-4708-A708-2D4BF1737B9D}"
EndProject
Project("{8BC9CEB8-8B4A-11D0-8D11-00A0C91BC942}") = "Move_Cow", "Move_Cow\Move_Cow.vcxproj", "{EBCF1397-799C-49BC-B94A-2B361474DE96}"
EndProject
Project("{8BC9CEB8-8B4A-11D0-8D11-00A0C91BC942}") = "Finding_Mode", "Finding_Mode\Finding_Mode.vcxproj", "{780BA2F4-94A6-47EF-8763-5780844DD187}"
EndProject
Project("{8BC9CEB8-8B4A-11D0-8D11-00A0C91BC942}") = "Password", "Password\Password.vcxproj", "{27F72351-C781-4D78-AA4F-3F322708B954}"
EndProject
Project("{8BC9CEB8-8B4A-11D0-8D11-00A0C91BC942}") = "Stock_Exchange", "Stock_Exchange\Stock_Exchange.vcxproj", "{395F2B79-6684-4742-A7B3-170BCBCADD01}"
EndProject
Project("{8BC9CEB8-8B4A-11D0-8D11-00A0C91BC942}") = "String", "String\String.vcxproj", "{C6128AEC-0B19-4190-B4A9-BA0B57C94E1D}"
EndProject
Project("{8BC9CEB8-8B4A-11D0-8D11-00A0C91BC942}") = "Cryptogram_1", "Cryptogram_1\Cryptogram_1.vcxproj", "{F8DE0250-BDBC-44C7-A243-99B4579ABBFC}"
EndProject
Project("{8BC9CEB8-8B4A-11D0-8D11-00A0C91BC942}") = "Cryptogram_2", "cryptogram_2\Cryptogram_2.vcxproj", "{7E118D6A-A79D-42DB-B9ED-19A8BA7D0DFD}"
EndProject
Project("{8BC9CEB8-8B4A-11D0-8D11-00A0C91BC942}") = "Cryptogram_3", "Cryptogram_3\Cryptogram_3.vcxproj", "{C72A1B47-4A76-4D44-880E-E7FE22E200DF}"
EndProject
Project("{8BC9CEB8-8B4A-11D0-8D11-00A0C91BC942}") = "Ladder_2", "Ladder_2\Ladder_2.vcxproj", "{0AC3B1C6-053C-49A0-8663-8298DC25AB67}"
EndProject
Project("{8BC9CEB8-8B4A-11D0-8D11-00A0C91BC942}") = "Ladder_1", "Ladder_1\Ladder_1.vcxproj", "{AAA30E63-5BBD-4D7B-9244-E17A6241D79B}"
EndProject
Project("{8BC9CEB8-8B4A-11D0-8D11-00A0C91BC942}") = "Magnetic", "Magnetic\Magnetic.vcxproj", "{08B4773E-D21B-48B5-9B73-52A9CFA7BD3D}"
EndProject
Project("{8BC9CEB8-8B4A-11D0-8D11-00A0C91BC942}") = "Calculator_1", "Calculator_1\Calculator_1.vcxproj", "{845DACCB-53E6-4E73-939D-D2C86FF70135}"
EndProject
Project("{8BC9CEB8-8B4A-11D0-8D11-00A0C91BC942}") = "Calculator_2", "Calculator_2\Calculator_2.vcxproj", "{7B9AD5DC-DD28-4A6E-BCF3-AEE876B89459}"
EndProject
Project("{8BC9CEB8-8B4A-11D0-8D11-00A0C91BC942}") = "Palindrome_1", "Palindrome_1\Palindrome_1.vcxproj", "{843F74E2-517E-481D-8E03-73A5911C54BF}"
EndProject
Project("{8BC9CEB8-8B4A-11D0-8D11-00A0C91BC942}") = "Palindrome_2", "Palindrome_2\Palindrome_2.vcxproj", "{2E1A3E68-629D-4336-AC9B-0332AFDAB268}"
EndProject
Project("{8BC9CEB8-8B4A-11D0-8D11-00A0C91BC942}") = "Partition_1", "Partition_1\Partition_1.vcxproj", "{6AD7F3F5-A9F1-4185-A621-AF2BBE8A5C4F}"
EndProject
Project("{8BC9CEB8-8B4A-11D0-8D11-00A0C91BC942}") = "Block_Dropping", "Block_Dropping\Block_Dropping.vcxproj", "{2EB27663-8AF8-4EDA-9006-D187DB378E46}"
EndProject
Project("{8BC9CEB8-8B4A-11D0-8D11-00A0C91BC942}") = "Sky_Map", "Sky_Map\Sky_Map.vcxproj", "{22D9E548-BC57-413D-B139-97098DAA43DD}"
EndProject
Project("{8BC9CEB8-8B4A-11D0-8D11-00A0C91BC942}") = "Path_Finding", "Path_Finding\Path_Finding.vcxproj", "{31861CAE-2DE1-4A0B-86DC-866C4A342513}"
EndProject
Project("{8BC9CEB8-8B4A-11D0-8D11-00A0C91BC942}") = "GNS", "GNS\GNS.vcxproj", "{A6D82960-4CCB-41AC-8804-2F0BB188D87D}"
EndProject
Project("{8BC9CEB8-8B4A-11D0-8D11-00A0C91BC942}") = "Sudoku_1", "Sudoku_1\Sudoku_1.vcxproj", "{88B4037D-38C9-47EB-893C-4991EA00625B}"
EndProject
Project("{8BC9CEB8-8B4A-11D0-8D11-00A0C91BC942}") = "Maze_2", "Maze_2\Maze_2.vcxproj", "{D4C24390-7E6B-4408-99F6-4DE941B44822}"
EndProject
Project("{8BC9CEB8-8B4A-11D0-8D11-00A0C91BC942}") = "Princess", "Princess\Princess.vcxproj", "{1940967B-7D1C-456A-AF10-4949EED5DEBB}"
EndProject
Project("{8BC9CEB8-8B4A-11D0-8D11-00A0C91BC942}") = "SAMPLE_TEST_2_09_08_2023", "SAMPLE_TEST_2_09_08_2023\SAMPLE_TEST_2_09_08_2023.vcxproj", "{9D857145-4259-4003-8BAF-90FD30B8EF57}"
EndProject
Project("{8BC9CEB8-8B4A-11D0-8D11-00A0C91BC942}") = "SAMPLE_TEST_3_09_08_2023", "SAMPLE_TEST_3_09_08_2023\SAMPLE_TEST_3_09_08_2023.vcxproj", "{09A21A49-231D-4132-AB0C-A013A9EED9FC}"
EndProject
Project("{8BC9CEB8-8B4A-11D0-8D11-00A0C91BC942}") = "SAMPLE_TEST_4_10_08_2023", "SAMPLE_TEST_4_10_08_2023\SAMPLE_TEST_4_10_08_2023.vcxproj", "{EC7C58BC-2D2A-4906-BB5C-475CF4D15B41}"
EndProject
Project("{8BC9CEB8-8B4A-11D0-8D11-00A0C91BC942}") = "Uniform_Distribution", "Uniform_Distribution\Uniform_Distribution.vcxproj", "{DBAA20D8-58A2-4A4A-9B85-3577E6A836C9}"
EndProject
Project("{8BC9CEB8-8B4A-11D0-8D11-00A0C91BC942}") = "SAMPLE_TEST_5_10_08_2023", "SAMPLE_TEST_5_10_08_2023\SAMPLE_TEST_5_10_08_2023.vcxproj", "{AD46854C-E5C9-4931-9FE3-D48CDA1A2AB0}"
EndProject
Project("{8BC9CEB8-8B4A-11D0-8D11-00A0C91BC942}") = "SAMPLE_TEST_6_10_08_2023", "SAMPLE_TEST_6_10_08_2023\SAMPLE_TEST_6_10_08_2023.vcxproj", "{472E08AE-A3EC-43E5-A95A-FA1E28F51568}"
EndProject
Project("{8BC9CEB8-8B4A-11D0-8D11-00A0C91BC942}") = "Assimilation_of_String", "Assimilation_of_String\Assimilation_of_String.vcxproj", "{26DB2209-6826-45A0-8FDF-21D7FA66075B}"
EndProject
Project("{8BC9CEB8-8B4A-11D0-8D11-00A0C91BC942}") = "SAMPLE_TEST_1_09_08_2023", "SAMPLE_TEST_1_09_08_2023\SAMPLE_TEST_09_08_2023.vcxproj", "{42F73A48-6C6B-4B58-B535-0F06836FD4D3}"
EndProject
Project("{8BC9CEB8-8B4A-11D0-8D11-00A0C91BC942}") = "SAMPLE_TEST_8_11_08_2023", "SAMPLE_TEST_8_11_08_2023\SAMPLE_TEST_8_11_08_2023.vcxproj", "{29478259-4E70-4870-9C22-F5EA57ADDEC6}"
EndProject
Project("{8BC9CEB8-8B4A-11D0-8D11-00A0C91BC942}") = "SAMPLE_TEST_7_11_08_2023", "SAMPLE_TEST_7_11_08_2023\SAMPLE_TEST_7_11_08_2023.vcxproj", "{742D57BA-9EB2-4D6B-8220-181446A0CFF8}"
EndProject
Global
	GlobalSection(SolutionConfigurationPlatforms) = preSolution
		Debug|Win32 = Debug|Win32
		Release|Win32 = Release|Win32
	EndGlobalSection
	GlobalSection(ProjectConfigurationPlatforms) = postSolution
		{188BC3F4-2174-4AED-868B-8904747C9ED4}.Debug|Win32.ActiveCfg = Debug|Win32
		{188BC3F4-2174-4AED-868B-8904747C9ED4}.Debug|Win32.Build.0 = Debug|Win32
		{188BC3F4-2174-4AED-868B-8904747C9ED4}.Release|Win32.ActiveCfg = Release|Win32
		{188BC3F4-2174-4AED-868B-8904747C9ED4}.Release|Win32.Build.0 = Release|Win32
		{4704BA3A-6A7A-4EE1-A0A0-5A1DD256EEA0}.Debug|Win32.ActiveCfg = Debug|Win32
		{4704BA3A-6A7A-4EE1-A0A0-5A1DD256EEA0}.Debug|Win32.Build.0 = Debug|Win32
		{4704BA3A-6A7A-4EE1-A0A0-5A1DD256EEA0}.Release|Win32.ActiveCfg = Release|Win32
		{4704BA3A-6A7A-4EE1-A0A0-5A1DD256EEA0}.Release|Win32.Build.0 = Release|Win32
		{63A440C9-753C-4088-98F3-2AA4EC4EA913}.Debug|Win32.ActiveCfg = Debug|Win32
		{63A440C9-753C-4088-98F3-2AA4EC4EA913}.Debug|Win32.Build.0 = Debug|Win32
		{63A440C9-753C-4088-98F3-2AA4EC4EA913}.Release|Win32.ActiveCfg = Release|Win32
		{63A440C9-753C-4088-98F3-2AA4EC4EA913}.Release|Win32.Build.0 = Release|Win32
		{0B02EC8C-D603-4204-A140-8016FF4EEAEB}.Debug|Win32.ActiveCfg = Debug|Win32
		{0B02EC8C-D603-4204-A140-8016FF4EEAEB}.Debug|Win32.Build.0 = Debug|Win32
		{0B02EC8C-D603-4204-A140-8016FF4EEAEB}.Release|Win32.ActiveCfg = Release|Win32
		{0B02EC8C-D603-4204-A140-8016FF4EEAEB}.Release|Win32.Build.0 = Release|Win32
		{177D49CA-A093-4708-A708-2D4BF1737B9D}.Debug|Win32.ActiveCfg = Debug|Win32
		{177D49CA-A093-4708-A708-2D4BF1737B9D}.Debug|Win32.Build.0 = Debug|Win32
		{177D49CA-A093-4708-A708-2D4BF1737B9D}.Release|Win32.ActiveCfg = Release|Win32
		{177D49CA-A093-4708-A708-2D4BF1737B9D}.Release|Win32.Build.0 = Release|Win32
		{EBCF1397-799C-49BC-B94A-2B361474DE96}.Debug|Win32.ActiveCfg = Debug|Win32
		{EBCF1397-799C-49BC-B94A-2B361474DE96}.Debug|Win32.Build.0 = Debug|Win32
		{EBCF1397-799C-49BC-B94A-2B361474DE96}.Release|Win32.ActiveCfg = Release|Win32
		{EBCF1397-799C-49BC-B94A-2B361474DE96}.Release|Win32.Build.0 = Release|Win32
		{780BA2F4-94A6-47EF-8763-5780844DD187}.Debug|Win32.ActiveCfg = Debug|Win32
		{780BA2F4-94A6-47EF-8763-5780844DD187}.Debug|Win32.Build.0 = Debug|Win32
		{780BA2F4-94A6-47EF-8763-5780844DD187}.Release|Win32.ActiveCfg = Release|Win32
		{780BA2F4-94A6-47EF-8763-5780844DD187}.Release|Win32.Build.0 = Release|Win32
		{27F72351-C781-4D78-AA4F-3F322708B954}.Debug|Win32.ActiveCfg = Debug|Win32
		{27F72351-C781-4D78-AA4F-3F322708B954}.Debug|Win32.Build.0 = Debug|Win32
		{27F72351-C781-4D78-AA4F-3F322708B954}.Release|Win32.ActiveCfg = Release|Win32
		{27F72351-C781-4D78-AA4F-3F322708B954}.Release|Win32.Build.0 = Release|Win32
		{395F2B79-6684-4742-A7B3-170BCBCADD01}.Debug|Win32.ActiveCfg = Debug|Win32
		{395F2B79-6684-4742-A7B3-170BCBCADD01}.Debug|Win32.Build.0 = Debug|Win32
		{395F2B79-6684-4742-A7B3-170BCBCADD01}.Release|Win32.ActiveCfg = Release|Win32
		{395F2B79-6684-4742-A7B3-170BCBCADD01}.Release|Win32.Build.0 = Release|Win32
		{C6128AEC-0B19-4190-B4A9-BA0B57C94E1D}.Debug|Win32.ActiveCfg = Debug|Win32
		{C6128AEC-0B19-4190-B4A9-BA0B57C94E1D}.Debug|Win32.Build.0 = Debug|Win32
		{C6128AEC-0B19-4190-B4A9-BA0B57C94E1D}.Release|Win32.ActiveCfg = Release|Win32
		{C6128AEC-0B19-4190-B4A9-BA0B57C94E1D}.Release|Win32.Build.0 = Release|Win32
		{F8DE0250-BDBC-44C7-A243-99B4579ABBFC}.Debug|Win32.ActiveCfg = Debug|Win32
		{F8DE0250-BDBC-44C7-A243-99B4579ABBFC}.Debug|Win32.Build.0 = Debug|Win32
		{F8DE0250-BDBC-44C7-A243-99B4579ABBFC}.Release|Win32.ActiveCfg = Release|Win32
		{F8DE0250-BDBC-44C7-A243-99B4579ABBFC}.Release|Win32.Build.0 = Release|Win32
		{7E118D6A-A79D-42DB-B9ED-19A8BA7D0DFD}.Debug|Win32.ActiveCfg = Debug|Win32
		{7E118D6A-A79D-42DB-B9ED-19A8BA7D0DFD}.Debug|Win32.Build.0 = Debug|Win32
		{7E118D6A-A79D-42DB-B9ED-19A8BA7D0DFD}.Release|Win32.ActiveCfg = Release|Win32
		{7E118D6A-A79D-42DB-B9ED-19A8BA7D0DFD}.Release|Win32.Build.0 = Release|Win32
		{C72A1B47-4A76-4D44-880E-E7FE22E200DF}.Debug|Win32.ActiveCfg = Debug|Win32
		{C72A1B47-4A76-4D44-880E-E7FE22E200DF}.Debug|Win32.Build.0 = Debug|Win32
		{C72A1B47-4A76-4D44-880E-E7FE22E200DF}.Release|Win32.ActiveCfg = Release|Win32
		{C72A1B47-4A76-4D44-880E-E7FE22E200DF}.Release|Win32.Build.0 = Release|Win32
		{0AC3B1C6-053C-49A0-8663-8298DC25AB67}.Debug|Win32.ActiveCfg = Debug|Win32
		{0AC3B1C6-053C-49A0-8663-8298DC25AB67}.Debug|Win32.Build.0 = Debug|Win32
		{0AC3B1C6-053C-49A0-8663-8298DC25AB67}.Release|Win32.ActiveCfg = Release|Win32
		{0AC3B1C6-053C-49A0-8663-8298DC25AB67}.Release|Win32.Build.0 = Release|Win32
		{AAA30E63-5BBD-4D7B-9244-E17A6241D79B}.Debug|Win32.ActiveCfg = Debug|Win32
		{AAA30E63-5BBD-4D7B-9244-E17A6241D79B}.Debug|Win32.Build.0 = Debug|Win32
		{AAA30E63-5BBD-4D7B-9244-E17A6241D79B}.Release|Win32.ActiveCfg = Release|Win32
		{AAA30E63-5BBD-4D7B-9244-E17A6241D79B}.Release|Win32.Build.0 = Release|Win32
		{08B4773E-D21B-48B5-9B73-52A9CFA7BD3D}.Debug|Win32.ActiveCfg = Debug|Win32
		{08B4773E-D21B-48B5-9B73-52A9CFA7BD3D}.Debug|Win32.Build.0 = Debug|Win32
		{08B4773E-D21B-48B5-9B73-52A9CFA7BD3D}.Release|Win32.ActiveCfg = Release|Win32
		{08B4773E-D21B-48B5-9B73-52A9CFA7BD3D}.Release|Win32.Build.0 = Release|Win32
		{845DACCB-53E6-4E73-939D-D2C86FF70135}.Debug|Win32.ActiveCfg = Debug|Win32
		{845DACCB-53E6-4E73-939D-D2C86FF70135}.Debug|Win32.Build.0 = Debug|Win32
		{845DACCB-53E6-4E73-939D-D2C86FF70135}.Release|Win32.ActiveCfg = Release|Win32
		{845DACCB-53E6-4E73-939D-D2C86FF70135}.Release|Win32.Build.0 = Release|Win32
		{7B9AD5DC-DD28-4A6E-BCF3-AEE876B89459}.Debug|Win32.ActiveCfg = Debug|Win32
		{7B9AD5DC-DD28-4A6E-BCF3-AEE876B89459}.Debug|Win32.Build.0 = Debug|Win32
		{7B9AD5DC-DD28-4A6E-BCF3-AEE876B89459}.Release|Win32.ActiveCfg = Release|Win32
		{7B9AD5DC-DD28-4A6E-BCF3-AEE876B89459}.Release|Win32.Build.0 = Release|Win32
		{843F74E2-517E-481D-8E03-73A5911C54BF}.Debug|Win32.ActiveCfg = Debug|Win32
		{843F74E2-517E-481D-8E03-73A5911C54BF}.Debug|Win32.Build.0 = Debug|Win32
		{843F74E2-517E-481D-8E03-73A5911C54BF}.Release|Win32.ActiveCfg = Release|Win32
		{843F74E2-517E-481D-8E03-73A5911C54BF}.Release|Win32.Build.0 = Release|Win32
		{2E1A3E68-629D-4336-AC9B-0332AFDAB268}.Debug|Win32.ActiveCfg = Debug|Win32
		{2E1A3E68-629D-4336-AC9B-0332AFDAB268}.Debug|Win32.Build.0 = Debug|Win32
		{2E1A3E68-629D-4336-AC9B-0332AFDAB268}.Release|Win32.ActiveCfg = Release|Win32
		{2E1A3E68-629D-4336-AC9B-0332AFDAB268}.Release|Win32.Build.0 = Release|Win32
		{6AD7F3F5-A9F1-4185-A621-AF2BBE8A5C4F}.Debug|Win32.ActiveCfg = Debug|Win32
		{6AD7F3F5-A9F1-4185-A621-AF2BBE8A5C4F}.Debug|Win32.Build.0 = Debug|Win32
		{6AD7F3F5-A9F1-4185-A621-AF2BBE8A5C4F}.Release|Win32.ActiveCfg = Release|Win32
		{6AD7F3F5-A9F1-4185-A621-AF2BBE8A5C4F}.Release|Win32.Build.0 = Release|Win32
		{2EB27663-8AF8-4EDA-9006-D187DB378E46}.Debug|Win32.ActiveCfg = Debug|Win32
		{2EB27663-8AF8-4EDA-9006-D187DB378E46}.Debug|Win32.Build.0 = Debug|Win32
		{2EB27663-8AF8-4EDA-9006-D187DB378E46}.Release|Win32.ActiveCfg = Release|Win32
		{2EB27663-8AF8-4EDA-9006-D187DB378E46}.Release|Win32.Build.0 = Release|Win32
		{22D9E548-BC57-413D-B139-97098DAA43DD}.Debug|Win32.ActiveCfg = Debug|Win32
		{22D9E548-BC57-413D-B139-97098DAA43DD}.Debug|Win32.Build.0 = Debug|Win32
		{22D9E548-BC57-413D-B139-97098DAA43DD}.Release|Win32.ActiveCfg = Release|Win32
		{22D9E548-BC57-413D-B139-97098DAA43DD}.Release|Win32.Build.0 = Release|Win32
		{31861CAE-2DE1-4A0B-86DC-866C4A342513}.Debug|Win32.ActiveCfg = Debug|Win32
		{31861CAE-2DE1-4A0B-86DC-866C4A342513}.Debug|Win32.Build.0 = Debug|Win32
		{31861CAE-2DE1-4A0B-86DC-866C4A342513}.Release|Win32.ActiveCfg = Release|Win32
		{31861CAE-2DE1-4A0B-86DC-866C4A342513}.Release|Win32.Build.0 = Release|Win32
		{A6D82960-4CCB-41AC-8804-2F0BB188D87D}.Debug|Win32.ActiveCfg = Debug|Win32
		{A6D82960-4CCB-41AC-8804-2F0BB188D87D}.Debug|Win32.Build.0 = Debug|Win32
		{A6D82960-4CCB-41AC-8804-2F0BB188D87D}.Release|Win32.ActiveCfg = Release|Win32
		{A6D82960-4CCB-41AC-8804-2F0BB188D87D}.Release|Win32.Build.0 = Release|Win32
		{88B4037D-38C9-47EB-893C-4991EA00625B}.Debug|Win32.ActiveCfg = Debug|Win32
		{88B4037D-38C9-47EB-893C-4991EA00625B}.Debug|Win32.Build.0 = Debug|Win32
		{88B4037D-38C9-47EB-893C-4991EA00625B}.Release|Win32.ActiveCfg = Release|Win32
		{88B4037D-38C9-47EB-893C-4991EA00625B}.Release|Win32.Build.0 = Release|Win32
		{D4C24390-7E6B-4408-99F6-4DE941B44822}.Debug|Win32.ActiveCfg = Debug|Win32
		{D4C24390-7E6B-4408-99F6-4DE941B44822}.Debug|Win32.Build.0 = Debug|Win32
		{D4C24390-7E6B-4408-99F6-4DE941B44822}.Release|Win32.ActiveCfg = Release|Win32
		{D4C24390-7E6B-4408-99F6-4DE941B44822}.Release|Win32.Build.0 = Release|Win32
		{1940967B-7D1C-456A-AF10-4949EED5DEBB}.Debug|Win32.ActiveCfg = Debug|Win32
		{1940967B-7D1C-456A-AF10-4949EED5DEBB}.Debug|Win32.Build.0 = Debug|Win32
		{1940967B-7D1C-456A-AF10-4949EED5DEBB}.Release|Win32.ActiveCfg = Release|Win32
		{1940967B-7D1C-456A-AF10-4949EED5DEBB}.Release|Win32.Build.0 = Release|Win32
		{9D857145-4259-4003-8BAF-90FD30B8EF57}.Debug|Win32.ActiveCfg = Debug|Win32
		{9D857145-4259-4003-8BAF-90FD30B8EF57}.Debug|Win32.Build.0 = Debug|Win32
		{9D857145-4259-4003-8BAF-90FD30B8EF57}.Release|Win32.ActiveCfg = Release|Win32
		{9D857145-4259-4003-8BAF-90FD30B8EF57}.Release|Win32.Build.0 = Release|Win32
		{09A21A49-231D-4132-AB0C-A013A9EED9FC}.Debug|Win32.ActiveCfg = Debug|Win32
		{09A21A49-231D-4132-AB0C-A013A9EED9FC}.Debug|Win32.Build.0 = Debug|Win32
		{09A21A49-231D-4132-AB0C-A013A9EED9FC}.Release|Win32.ActiveCfg = Release|Win32
		{09A21A49-231D-4132-AB0C-A013A9EED9FC}.Release|Win32.Build.0 = Release|Win32
		{EC7C58BC-2D2A-4906-BB5C-475CF4D15B41}.Debug|Win32.ActiveCfg = Debug|Win32
		{EC7C58BC-2D2A-4906-BB5C-475CF4D15B41}.Debug|Win32.Build.0 = Debug|Win32
		{EC7C58BC-2D2A-4906-BB5C-475CF4D15B41}.Release|Win32.ActiveCfg = Release|Win32
		{EC7C58BC-2D2A-4906-BB5C-475CF4D15B41}.Release|Win32.Build.0 = Release|Win32
		{DBAA20D8-58A2-4A4A-9B85-3577E6A836C9}.Debug|Win32.ActiveCfg = Debug|Win32
		{DBAA20D8-58A2-4A4A-9B85-3577E6A836C9}.Debug|Win32.Build.0 = Debug|Win32
		{DBAA20D8-58A2-4A4A-9B85-3577E6A836C9}.Release|Win32.ActiveCfg = Release|Win32
		{DBAA20D8-58A2-4A4A-9B85-3577E6A836C9}.Release|Win32.Build.0 = Release|Win32
		{AD46854C-E5C9-4931-9FE3-D48CDA1A2AB0}.Debug|Win32.ActiveCfg = Debug|Win32
		{AD46854C-E5C9-4931-9FE3-D48CDA1A2AB0}.Debug|Win32.Build.0 = Debug|Win32
		{AD46854C-E5C9-4931-9FE3-D48CDA1A2AB0}.Release|Win32.ActiveCfg = Release|Win32
		{AD46854C-E5C9-4931-9FE3-D48CDA1A2AB0}.Release|Win32.Build.0 = Release|Win32
		{472E08AE-A3EC-43E5-A95A-FA1E28F51568}.Debug|Win32.ActiveCfg = Debug|Win32
		{472E08AE-A3EC-43E5-A95A-FA1E28F51568}.Debug|Win32.Build.0 = Debug|Win32
		{472E08AE-A3EC-43E5-A95A-FA1E28F51568}.Release|Win32.ActiveCfg = Release|Win32
		{472E08AE-A3EC-43E5-A95A-FA1E28F51568}.Release|Win32.Build.0 = Release|Win32
		{26DB2209-6826-45A0-8FDF-21D7FA66075B}.Debug|Win32.ActiveCfg = Debug|Win32
		{26DB2209-6826-45A0-8FDF-21D7FA66075B}.Debug|Win32.Build.0 = Debug|Win32
		{26DB2209-6826-45A0-8FDF-21D7FA66075B}.Release|Win32.ActiveCfg = Release|Win32
		{26DB2209-6826-45A0-8FDF-21D7FA66075B}.Release|Win32.Build.0 = Release|Win32
		{42F73A48-6C6B-4B58-B535-0F06836FD4D3}.Debug|Win32.ActiveCfg = Debug|Win32
		{42F73A48-6C6B-4B58-B535-0F06836FD4D3}.Debug|Win32.Build.0 = Debug|Win32
		{42F73A48-6C6B-4B58-B535-0F06836FD4D3}.Release|Win32.ActiveCfg = Release|Win32
		{42F73A48-6C6B-4B58-B535-0F06836FD4D3}.Release|Win32.Build.0 = Release|Win32
		{29478259-4E70-4870-9C22-F5EA57ADDEC6}.Debug|Win32.ActiveCfg = Debug|Win32
		{29478259-4E70-4870-9C22-F5EA57ADDEC6}.Debug|Win32.Build.0 = Debug|Win32
		{29478259-4E70-4870-9C22-F5EA57ADDEC6}.Release|Win32.ActiveCfg = Release|Win32
		{29478259-4E70-4870-9C22-F5EA57ADDEC6}.Release|Win32.Build.0 = Release|Win32
		{742D57BA-9EB2-4D6B-8220-181446A0CFF8}.Debug|Win32.ActiveCfg = Debug|Win32
		{742D57BA-9EB2-4D6B-8220-181446A0CFF8}.Debug|Win32.Build.0 = Debug|Win32
		{742D57BA-9EB2-4D6B-8220-181446A0CFF8}.Release|Win32.ActiveCfg = Release|Win32
		{742D57BA-9EB2-4D6B-8220-181446A0CFF8}.Release|Win32.Build.0 = Release|Win32
	EndGlobalSection
	GlobalSection(SolutionProperties) = preSolution
		HideSolutionNode = FALSE
	EndGlobalSection
EndGlobal
